{
  "name": "local",
  "version": "0.1.0",
  "lockfileVersion": 2,
  "requires": true,
  "packages": {
    "": {
      "name": "local",
      "version": "0.1.0",
      "license": "MIT",
      "dependencies": {
        "env-paths": "^3.0.0"
      }
    },
    "node_modules/env-paths": {
      "version": "3.0.0",
      "resolved": "https://registry.npmjs.org/env-paths/-/env-paths-3.0.0.tgz",
      "integrity": "sha512-dtJUTepzMW3Lm/NPxRf3wP4642UWhjL2sQxc+ym2YMj1m/H2zDNQOlezafzkHwn6sMstjHTwG6iQQsctDW/b1A==",
      "engines": {
        "node": "^12.20.0 || ^14.13.1 || >=16.0.0"
      },
      "funding": {
        "url": "https://github.com/sponsors/sindresorhus"
      }
    }
  },
  "dependencies": {
    "env-paths": {
      "version": "3.0.0",
      "resolved": "https://registry.npmjs.org/env-paths/-/env-paths-3.0.0.tgz",
      "integrity": "sha512-dtJUTepzMW3Lm/NPxRf3wP4642UWhjL2sQxc+ym2YMj1m/H2zDNQOlezafzkHwn6sMstjHTwG6iQQsctDW/b1A=="
    }
  }
}
